
Microsoft Visual Studio Solution File, Format Version 12.00
# Visual Studio Version 17
VisualStudioVersion = 17.4.33213.308
MinimumVisualStudioVersion = 10.0.40219.1
Project("{FAE04EC0-301F-11D3-BF4B-00C04F79EFBC}") = "OpenAIExplorer", "OpenAIExplorer.csproj", "{2331EC9F-70EF-43A3-8839-3E87E8B82579}"
EndProject
Global
	GlobalSection(SolutionConfigurationPlatforms) = preSolution
		Debug|Any CPU = Debug|Any CPU
		Release|Any CPU = Release|Any CPU
	EndGlobalSection
	GlobalSection(ProjectConfigurationPlatforms) = postSolution
		{2331EC9F-70EF-43A3-8839-3E87E8B82579}.Debug|Any CPU.ActiveCfg = Debug|Any CPU
		{2331EC9F-70EF-43A3-8839-3E87E8B82579}.Debug|Any CPU.Build.0 = Debug|Any CPU
		{2331EC9F-70EF-43A3-8839-3E87E8B82579}.Release|Any CPU.ActiveCfg = Release|Any CPU
		{2331EC9F-70EF-43A3-8839-3E87E8B82579}.Release|Any CPU.Build.0 = Release|Any CPU
	EndGlobalSection
	GlobalSection(SolutionProperties) = preSolution
		HideSolutionNode = FALSE
	EndGlobalSection
	GlobalSection(ExtensibilityGlobals) = postSolution
		SolutionGuid = {C35134BD-5FC4-423B-ACEC-3F7791642126}
	EndGlobalSection
EndGlobal
